
Microsoft Visual Studio Solution File, Format Version 12.00
# Visual Studio Version 16
VisualStudioVersion = 16.0.30330.147
MinimumVisualStudioVersion = 10.0.40219.1
Project("{FAE04EC0-301F-11D3-BF4B-00C04F79EFBC}") = "MyFitnessApp.Android", "MyFitnessApp\MyFitnessApp.Android\MyFitnessApp.Android.csproj", "{95E0CD28-0281-48FD-8F67-1E5B27D81270}"
EndProject
Project("{FAE04EC0-301F-11D3-BF4B-00C04F79EFBC}") = "MyFitnessApp.iOS", "MyFitnessApp\MyFitnessApp.iOS\MyFitnessApp.iOS.csproj", "{18381D66-0B52-489A-8E15-B1663F2B1F45}"
EndProject
Project("{9A19103F-16F7-4668-BE54-9A1E7A4F7556}") = "MyFitnessApp", "MyFitnessApp\MyFitnessApp\MyFitnessApp.csproj", "{7B72E194-F039-4BFC-B0E3-67ED011C8CB9}"
EndProject
Project("{FAE04EC0-301F-11D3-BF4B-00C04F79EFBC}") = "MyFitnessAppTests", "MyFitnessApp\MyFitnessAppTests\MyFitnessAppTests.csproj", "{348CF411-B126-447C-8A3C-44D924737B4E}"
EndProject
Global
	GlobalSection(SolutionConfigurationPlatforms) = preSolution
		Debug|Any CPU = Debug|Any CPU
		Debug|iPhone = Debug|iPhone
		Debug|iPhoneSimulator = Debug|iPhoneSimulator
		Release|Any CPU = Release|Any CPU
		Release|iPhone = Release|iPhone
		Release|iPhoneSimulator = Release|iPhoneSimulator
	EndGlobalSection
	GlobalSection(ProjectConfigurationPlatforms) = postSolution
		{95E0CD28-0281-48FD-8F67-1E5B27D81270}.Debug|Any CPU.ActiveCfg = Debug|Any CPU
		{95E0CD28-0281-48FD-8F67-1E5B27D81270}.Debug|Any CPU.Build.0 = Debug|Any CPU
		{95E0CD28-0281-48FD-8F67-1E5B27D81270}.Debug|Any CPU.Deploy.0 = Debug|Any CPU
		{95E0CD28-0281-48FD-8F67-1E5B27D81270}.Debug|iPhone.ActiveCfg = Debug|Any CPU
		{95E0CD28-0281-48FD-8F67-1E5B27D81270}.Debug|iPhone.Build.0 = Debug|Any CPU
		{95E0CD28-0281-48FD-8F67-1E5B27D81270}.Debug|iPhone.Deploy.0 = Debug|Any CPU
		{95E0CD28-0281-48FD-8F67-1E5B27D81270}.Debug|iPhoneSimulator.ActiveCfg = Debug|Any CPU
		{95E0CD28-0281-48FD-8F67-1E5B27D81270}.Debug|iPhoneSimulator.Build.0 = Debug|Any CPU
		{95E0CD28-0281-48FD-8F67-1E5B27D81270}.Debug|iPhoneSimulator.Deploy.0 = Debug|Any CPU
		{95E0CD28-0281-48FD-8F67-1E5B27D81270}.Release|Any CPU.ActiveCfg = Release|Any CPU
		{95E0CD28-0281-48FD-8F67-1E5B27D81270}.Release|Any CPU.Build.0 = Release|Any CPU
		{95E0CD28-0281-48FD-8F67-1E5B27D81270}.Release|Any CPU.Deploy.0 = Release|Any CPU
		{95E0CD28-0281-48FD-8F67-1E5B27D81270}.Release|iPhone.ActiveCfg = Release|Any CPU
		{95E0CD28-0281-48FD-8F67-1E5B27D81270}.Release|iPhone.Build.0 = Release|Any CPU
		{95E0CD28-0281-48FD-8F67-1E5B27D81270}.Release|iPhone.Deploy.0 = Release|Any CPU
		{95E0CD28-0281-48FD-8F67-1E5B27D81270}.Release|iPhoneSimulator.ActiveCfg = Release|Any CPU
		{95E0CD28-0281-48FD-8F67-1E5B27D81270}.Release|iPhoneSimulator.Build.0 = Release|Any CPU
		{95E0CD28-0281-48FD-8F67-1E5B27D81270}.Release|iPhoneSimulator.Deploy.0 = Release|Any CPU
		{18381D66-0B52-489A-8E15-B1663F2B1F45}.Debug|Any CPU.ActiveCfg = Debug|iPhone
		{18381D66-0B52-489A-8E15-B1663F2B1F45}.Debug|Any CPU.Build.0 = Debug|iPhone
		{18381D66-0B52-489A-8E15-B1663F2B1F45}.Debug|Any CPU.Deploy.0 = Debug|iPhone
		{18381D66-0B52-489A-8E15-B1663F2B1F45}.Debug|iPhone.ActiveCfg = Debug|iPhone
		{18381D66-0B52-489A-8E15-B1663F2B1F45}.Debug|iPhone.Build.0 = Debug|iPhone
		{18381D66-0B52-489A-8E15-B1663F2B1F45}.Debug|iPhone.Deploy.0 = Debug|iPhone
		{18381D66-0B52-489A-8E15-B1663F2B1F45}.Debug|iPhoneSimulator.ActiveCfg = Debug|iPhoneSimulator
		{18381D66-0B52-489A-8E15-B1663F2B1F45}.Debug|iPhoneSimulator.Build.0 = Debug|iPhoneSimulator
		{18381D66-0B52-489A-8E15-B1663F2B1F45}.Debug|iPhoneSimulator.Deploy.0 = Debug|iPhoneSimulator
		{18381D66-0B52-489A-8E15-B1663F2B1F45}.Release|Any CPU.ActiveCfg = Release|iPhone
		{18381D66-0B52-489A-8E15-B1663F2B1F45}.Release|Any CPU.Build.0 = Release|iPhone
		{18381D66-0B52-489A-8E15-B1663F2B1F45}.Release|Any CPU.Deploy.0 = Release|iPhone
		{18381D66-0B52-489A-8E15-B1663F2B1F45}.Release|iPhone.ActiveCfg = Release|iPhone
		{18381D66-0B52-489A-8E15-B1663F2B1F45}.Release|iPhone.Build.0 = Release|iPhone
		{18381D66-0B52-489A-8E15-B1663F2B1F45}.Release|iPhone.Deploy.0 = Release|iPhone
		{18381D66-0B52-489A-8E15-B1663F2B1F45}.Release|iPhoneSimulator.ActiveCfg = Release|iPhoneSimulator
		{18381D66-0B52-489A-8E15-B1663F2B1F45}.Release|iPhoneSimulator.Build.0 = Release|iPhoneSimulator
		{18381D66-0B52-489A-8E15-B1663F2B1F45}.Release|iPhoneSimulator.Deploy.0 = Release|iPhoneSimulator
		{7B72E194-F039-4BFC-B0E3-67ED011C8CB9}.Debug|Any CPU.ActiveCfg = Debug|Any CPU
		{7B72E194-F039-4BFC-B0E3-67ED011C8CB9}.Debug|Any CPU.Build.0 = Debug|Any CPU
		{7B72E194-F039-4BFC-B0E3-67ED011C8CB9}.Debug|Any CPU.Deploy.0 = Debug|Any CPU
		{7B72E194-F039-4BFC-B0E3-67ED011C8CB9}.Debug|iPhone.ActiveCfg = Debug|Any CPU
		{7B72E194-F039-4BFC-B0E3-67ED011C8CB9}.Debug|iPhone.Build.0 = Debug|Any CPU
		{7B72E194-F039-4BFC-B0E3-67ED011C8CB9}.Debug|iPhone.Deploy.0 = Debug|Any CPU
		{7B72E194-F039-4BFC-B0E3-67ED011C8CB9}.Debug|iPhoneSimulator.ActiveCfg = Debug|Any CPU
		{7B72E194-F039-4BFC-B0E3-67ED011C8CB9}.Debug|iPhoneSimulator.Build.0 = Debug|Any CPU
		{7B72E194-F039-4BFC-B0E3-67ED011C8CB9}.Debug|iPhoneSimulator.Deploy.0 = Debug|Any CPU
		{7B72E194-F039-4BFC-B0E3-67ED011C8CB9}.Release|Any CPU.ActiveCfg = Release|Any CPU
		{7B72E194-F039-4BFC-B0E3-67ED011C8CB9}.Release|Any CPU.Build.0 = Release|Any CPU
		{7B72E194-F039-4BFC-B0E3-67ED011C8CB9}.Release|Any CPU.Deploy.0 = Release|Any CPU
		{7B72E194-F039-4BFC-B0E3-67ED011C8CB9}.Release|iPhone.ActiveCfg = Release|Any CPU
		{7B72E194-F039-4BFC-B0E3-67ED011C8CB9}.Release|iPhone.Build.0 = Release|Any CPU
		{7B72E194-F039-4BFC-B0E3-67ED011C8CB9}.Release|iPhone.Deploy.0 = Release|Any CPU
		{7B72E194-F039-4BFC-B0E3-67ED011C8CB9}.Release|iPhoneSimulator.ActiveCfg = Release|Any CPU
		{7B72E194-F039-4BFC-B0E3-67ED011C8CB9}.Release|iPhoneSimulator.Build.0 = Release|Any CPU
		{7B72E194-F039-4BFC-B0E3-67ED011C8CB9}.Release|iPhoneSimulator.Deploy.0 = Release|Any CPU
		{348CF411-B126-447C-8A3C-44D924737B4E}.Debug|Any CPU.ActiveCfg = Debug|Any CPU
		{348CF411-B126-447C-8A3C-44D924737B4E}.Debug|Any CPU.Build.0 = Debug|Any CPU
		{348CF411-B126-447C-8A3C-44D924737B4E}.Debug|iPhone.ActiveCfg = Debug|Any CPU
		{348CF411-B126-447C-8A3C-44D924737B4E}.Debug|iPhone.Build.0 = Debug|Any CPU
		{348CF411-B126-447C-8A3C-44D924737B4E}.Debug|iPhoneSimulator.ActiveCfg = Debug|Any CPU
		{348CF411-B126-447C-8A3C-44D924737B4E}.Debug|iPhoneSimulator.Build.0 = Debug|Any CPU
		{348CF411-B126-447C-8A3C-44D924737B4E}.Release|Any CPU.ActiveCfg = Release|Any CPU
		{348CF411-B126-447C-8A3C-44D924737B4E}.Release|Any CPU.Build.0 = Release|Any CPU
		{348CF411-B126-447C-8A3C-44D924737B4E}.Release|iPhone.ActiveCfg = Release|Any CPU
		{348CF411-B126-447C-8A3C-44D924737B4E}.Release|iPhone.Build.0 = Release|Any CPU
		{348CF411-B126-447C-8A3C-44D924737B4E}.Release|iPhoneSimulator.ActiveCfg = Release|Any CPU
		{348CF411-B126-447C-8A3C-44D924737B4E}.Release|iPhoneSimulator.Build.0 = Release|Any CPU
	EndGlobalSection
	GlobalSection(SolutionProperties) = preSolution
		HideSolutionNode = FALSE
	EndGlobalSection
	GlobalSection(ExtensibilityGlobals) = postSolution
		SolutionGuid = {2557EAAC-28AA-49E3-97D4-C34A2C718183}
	EndGlobalSection
EndGlobal
